
Microsoft Visual Studio Solution File, Format Version 12.00
# Visual Studio Version 16
VisualStudioVersion = 16.0.30114.105
MinimumVisualStudioVersion = 10.0.40219.1
Project("{FAE04EC0-301F-11D3-BF4B-00C04F79EFBC}") = "Calculations", "Calculations\Calculations.csproj", "{AAFD0BB7-CC94-4DA1-AB27-30467DC35952}"
EndProject
Project("{FAE04EC0-301F-11D3-BF4B-00C04F79EFBC}") = "Calculations_Tests", "Calculations_Tests\Calculations_Tests.csproj", "{3CD57F2D-FFCE-49B8-A36F-9AC57938E68C}"
EndProject
Global
	GlobalSection(SolutionConfigurationPlatforms) = preSolution
		Debug|Any CPU = Debug|Any CPU
		Release|Any CPU = Release|Any CPU
	EndGlobalSection
	GlobalSection(ProjectConfigurationPlatforms) = postSolution
		{AAFD0BB7-CC94-4DA1-AB27-30467DC35952}.Debug|Any CPU.ActiveCfg = Debug|Any CPU
		{AAFD0BB7-CC94-4DA1-AB27-30467DC35952}.Debug|Any CPU.Build.0 = Debug|Any CPU
		{AAFD0BB7-CC94-4DA1-AB27-30467DC35952}.Release|Any CPU.ActiveCfg = Release|Any CPU
		{AAFD0BB7-CC94-4DA1-AB27-30467DC35952}.Release|Any CPU.Build.0 = Release|Any CPU
		{3CD57F2D-FFCE-49B8-A36F-9AC57938E68C}.Debug|Any CPU.ActiveCfg = Debug|Any CPU
		{3CD57F2D-FFCE-49B8-A36F-9AC57938E68C}.Debug|Any CPU.Build.0 = Debug|Any CPU
		{3CD57F2D-FFCE-49B8-A36F-9AC57938E68C}.Release|Any CPU.ActiveCfg = Release|Any CPU
		{3CD57F2D-FFCE-49B8-A36F-9AC57938E68C}.Release|Any CPU.Build.0 = Release|Any CPU
	EndGlobalSection
	GlobalSection(SolutionProperties) = preSolution
		HideSolutionNode = FALSE
	EndGlobalSection
	GlobalSection(ExtensibilityGlobals) = postSolution
		SolutionGuid = {1E414962-0FF9-4C83-8758-6DC668EC015D}
	EndGlobalSection
EndGlobal
